
Microsoft Visual Studio Solution File, Format Version 12.00
# Visual Studio Version 17
VisualStudioVersion = 17.7.34003.232
MinimumVisualStudioVersion = 10.0.40219.1
Project("{FAE04EC0-301F-11D3-BF4B-00C04F79EFBC}") = "PokemonReviewApp", "PokemonReviewApp\PokemonReviewApp.csproj", "{3E0F779D-B6B5-4ECD-B69B-4A442DE1E28F}"
EndProject
Global
	GlobalSection(SolutionConfigurationPlatforms) = preSolution
		Debug|Any CPU = Debug|Any CPU
		Release|Any CPU = Release|Any CPU
	EndGlobalSection
	GlobalSection(ProjectConfigurationPlatforms) = postSolution
		{3E0F779D-B6B5-4ECD-B69B-4A442DE1E28F}.Debug|Any CPU.ActiveCfg = Debug|Any CPU
		{3E0F779D-B6B5-4ECD-B69B-4A442DE1E28F}.Debug|Any CPU.Build.0 = Debug|Any CPU
		{3E0F779D-B6B5-4ECD-B69B-4A442DE1E28F}.Release|Any CPU.ActiveCfg = Release|Any CPU
		{3E0F779D-B6B5-4ECD-B69B-4A442DE1E28F}.Release|Any CPU.Build.0 = Release|Any CPU
	EndGlobalSection
	GlobalSection(SolutionProperties) = preSolution
		HideSolutionNode = FALSE
	EndGlobalSection
	GlobalSection(ExtensibilityGlobals) = postSolution
		SolutionGuid = {934508AA-A9FE-4F01-9D17-0CB4FCC68260}
	EndGlobalSection
EndGlobal
